
Microsoft Visual Studio Solution File, Format Version 12.00
# Visual Studio Version 16
VisualStudioVersion = 16.0.30204.135
MinimumVisualStudioVersion = 10.0.40219.1
Project("{FAE04EC0-301F-11D3-BF4B-00C04F79EFBC}") = "VirtualServerlessTelemetrySample", "VirtualServerlessTelemetrySample.csproj", "{B4B538D5-0CE7-4BC5-AF68-D3B67D2EC620}"
EndProject
Global
	GlobalSection(SolutionConfigurationPlatforms) = preSolution
		Debug|Any CPU = Debug|Any CPU
		Release|Any CPU = Release|Any CPU
	EndGlobalSection
	GlobalSection(ProjectConfigurationPlatforms) = postSolution
		{B4B538D5-0CE7-4BC5-AF68-D3B67D2EC620}.Debug|Any CPU.ActiveCfg = Debug|Any CPU
		{B4B538D5-0CE7-4BC5-AF68-D3B67D2EC620}.Debug|Any CPU.Build.0 = Debug|Any CPU
		{B4B538D5-0CE7-4BC5-AF68-D3B67D2EC620}.Release|Any CPU.ActiveCfg = Release|Any CPU
		{B4B538D5-0CE7-4BC5-AF68-D3B67D2EC620}.Release|Any CPU.Build.0 = Release|Any CPU
	EndGlobalSection
	GlobalSection(SolutionProperties) = preSolution
		HideSolutionNode = FALSE
	EndGlobalSection
	GlobalSection(ExtensibilityGlobals) = postSolution
		SolutionGuid = {68E548A0-9824-4B3F-A959-095A7C82F665}
	EndGlobalSection
EndGlobal
